
Microsoft Visual Studio Solution File, Format Version 12.00
# Visual Studio Version 17
VisualStudioVersion = 17.13.35828.75 d17.13
MinimumVisualStudioVersion = 10.0.40219.1
Project("{FAE04EC0-301F-11D3-BF4B-00C04F79EFBC}") = "ConsoleTestApp", "ConsoleTestApp.csproj", "{EDCEAC61-5056-49D0-B3AF-134AD8074703}"
EndProject
Global
	GlobalSection(SolutionConfigurationPlatforms) = preSolution
		Debug|Any CPU = Debug|Any CPU
		Release|Any CPU = Release|Any CPU
	EndGlobalSection
	GlobalSection(ProjectConfigurationPlatforms) = postSolution
		{EDCEAC61-5056-49D0-B3AF-134AD8074703}.Debug|Any CPU.ActiveCfg = Debug|Any CPU
		{EDCEAC61-5056-49D0-B3AF-134AD8074703}.Debug|Any CPU.Build.0 = Debug|Any CPU
		{EDCEAC61-5056-49D0-B3AF-134AD8074703}.Release|Any CPU.ActiveCfg = Release|Any CPU
		{EDCEAC61-5056-49D0-B3AF-134AD8074703}.Release|Any CPU.Build.0 = Release|Any CPU
	EndGlobalSection
	GlobalSection(SolutionProperties) = preSolution
		HideSolutionNode = FALSE
	EndGlobalSection
	GlobalSection(ExtensibilityGlobals) = postSolution
		SolutionGuid = {18398C51-E21C-4B17-B059-AADE1E643CFC}
	EndGlobalSection
EndGlobal
